
Microsoft Visual Studio Solution File, Format Version 12.00
# Visual Studio Version 17
VisualStudioVersion = 17.5.33516.290
MinimumVisualStudioVersion = 10.0.40219.1
Project("{2150E333-8FDC-42A3-9474-1A3956D46DE8}") = "01-Apresentação", "01-Apresentação", "{8153AABD-3B24-4FD6-8369-645B112F2D7A}"
EndProject
Project("{2150E333-8FDC-42A3-9474-1A3956D46DE8}") = "02-Serviços", "02-Serviços", "{7F814C0C-5514-4C18-97C2-0D00F4B5E292}"
EndProject
Project("{2150E333-8FDC-42A3-9474-1A3956D46DE8}") = "03- Dominio", "03- Dominio", "{D3A0C6D8-E169-4A55-A6EB-10728D4112E0}"
EndProject
Project("{2150E333-8FDC-42A3-9474-1A3956D46DE8}") = "04- Infraestrutura", "04- Infraestrutura", "{D9DEEA1B-AA1D-4C85-BE05-A7DB6A508C7C}"
EndProject
Project("{2150E333-8FDC-42A3-9474-1A3956D46DE8}") = "Dados", "Dados", "{2CE00E6D-362B-4DF0-A307-A4988F7240F9}"
EndProject
Project("{2150E333-8FDC-42A3-9474-1A3956D46DE8}") = "CrossCutting", "CrossCutting", "{163655C5-BA79-4255-AA95-915C949F351F}"
EndProject
Project("{FAE04EC0-301F-11D3-BF4B-00C04F79EFBC}") = "API_H1.WebApp", "API_H1.WebAppMVC\API_H1.WebApp.csproj", "{7BD1F113-2748-4282-9596-BFC34285A8C7}"
EndProject
Project("{FAE04EC0-301F-11D3-BF4B-00C04F79EFBC}") = "API_H1.Services", "API_H1.Services\API_H1.Services.csproj", "{B48394C1-0600-41BC-A84B-7B7EF8E2724D}"
EndProject
Project("{FAE04EC0-301F-11D3-BF4B-00C04F79EFBC}") = "API_H1.Domain", "API_H1.Domain\API_H1.Domain.csproj", "{BFFADF81-228D-48D5-875F-B34265AC9193}"
EndProject
Project("{FAE04EC0-301F-11D3-BF4B-00C04F79EFBC}") = "API_H1.WebApi", "API_H1.WebApi\API_H1.WebApi.csproj", "{0E19ED90-DE8A-4910-AC58-1AA6DF3C10D5}"
EndProject
Global
	GlobalSection(SolutionConfigurationPlatforms) = preSolution
		Debug|Any CPU = Debug|Any CPU
		Release|Any CPU = Release|Any CPU
	EndGlobalSection
	GlobalSection(ProjectConfigurationPlatforms) = postSolution
		{7BD1F113-2748-4282-9596-BFC34285A8C7}.Debug|Any CPU.ActiveCfg = Debug|Any CPU
		{7BD1F113-2748-4282-9596-BFC34285A8C7}.Debug|Any CPU.Build.0 = Debug|Any CPU
		{7BD1F113-2748-4282-9596-BFC34285A8C7}.Release|Any CPU.ActiveCfg = Release|Any CPU
		{7BD1F113-2748-4282-9596-BFC34285A8C7}.Release|Any CPU.Build.0 = Release|Any CPU
		{B48394C1-0600-41BC-A84B-7B7EF8E2724D}.Debug|Any CPU.ActiveCfg = Debug|Any CPU
		{B48394C1-0600-41BC-A84B-7B7EF8E2724D}.Debug|Any CPU.Build.0 = Debug|Any CPU
		{B48394C1-0600-41BC-A84B-7B7EF8E2724D}.Release|Any CPU.ActiveCfg = Release|Any CPU
		{B48394C1-0600-41BC-A84B-7B7EF8E2724D}.Release|Any CPU.Build.0 = Release|Any CPU
		{BFFADF81-228D-48D5-875F-B34265AC9193}.Debug|Any CPU.ActiveCfg = Debug|Any CPU
		{BFFADF81-228D-48D5-875F-B34265AC9193}.Debug|Any CPU.Build.0 = Debug|Any CPU
		{BFFADF81-228D-48D5-875F-B34265AC9193}.Release|Any CPU.ActiveCfg = Release|Any CPU
		{BFFADF81-228D-48D5-875F-B34265AC9193}.Release|Any CPU.Build.0 = Release|Any CPU
		{0E19ED90-DE8A-4910-AC58-1AA6DF3C10D5}.Debug|Any CPU.ActiveCfg = Debug|Any CPU
		{0E19ED90-DE8A-4910-AC58-1AA6DF3C10D5}.Debug|Any CPU.Build.0 = Debug|Any CPU
		{0E19ED90-DE8A-4910-AC58-1AA6DF3C10D5}.Release|Any CPU.ActiveCfg = Release|Any CPU
		{0E19ED90-DE8A-4910-AC58-1AA6DF3C10D5}.Release|Any CPU.Build.0 = Release|Any CPU
	EndGlobalSection
	GlobalSection(SolutionProperties) = preSolution
		HideSolutionNode = FALSE
	EndGlobalSection
	GlobalSection(NestedProjects) = preSolution
		{2CE00E6D-362B-4DF0-A307-A4988F7240F9} = {D9DEEA1B-AA1D-4C85-BE05-A7DB6A508C7C}
		{163655C5-BA79-4255-AA95-915C949F351F} = {D9DEEA1B-AA1D-4C85-BE05-A7DB6A508C7C}
		{7BD1F113-2748-4282-9596-BFC34285A8C7} = {8153AABD-3B24-4FD6-8369-645B112F2D7A}
		{B48394C1-0600-41BC-A84B-7B7EF8E2724D} = {7F814C0C-5514-4C18-97C2-0D00F4B5E292}
		{BFFADF81-228D-48D5-875F-B34265AC9193} = {D3A0C6D8-E169-4A55-A6EB-10728D4112E0}
		{0E19ED90-DE8A-4910-AC58-1AA6DF3C10D5} = {8153AABD-3B24-4FD6-8369-645B112F2D7A}
	EndGlobalSection
	GlobalSection(ExtensibilityGlobals) = postSolution
		SolutionGuid = {E2D1F4B0-08A5-4FFC-9BC1-9C402AEB159E}
	EndGlobalSection
EndGlobal
